// !$*UTF8*$!
{
	archiveVersion = 1;
	classes = {
	};
	objectVersion = 55;
	objects = {

/* Begin PBXBuildFile section */
		8E25A47528380916002B8BD1 /* AppDelegate.swift in Sources */ = {isa = PBXBuildFile; fileRef = 8E25A47428380916002B8BD1 /* AppDelegate.swift */; };
		8E25A47728380916002B8BD1 /* SceneDelegate.swift in Sources */ = {isa = PBXBuildFile; fileRef = 8E25A47628380916002B8BD1 /* SceneDelegate.swift */; };
		8E25A47928380916002B8BD1 /* ViewController.swift in Sources */ = {isa = PBXBuildFile; fileRef = 8E25A47828380916002B8BD1 /* ViewController.swift */; };
		8E25A47C28380916002B8BD1 /* Main.storyboard in Resources */ = {isa = PBXBuildFile; fileRef = 8E25A47A28380916002B8BD1 /* Main.storyboard */; };
		8E25A47E28380917002B8BD1 /* Assets.xcassets in Resources */ = {isa = PBXBuildFile; fileRef = 8E25A47D28380917002B8BD1 /* Assets.xcassets */; };
		8E25A48128380917002B8BD1 /* LaunchScreen.storyboard in Resources */ = {isa = PBXBuildFile; fileRef = 8E25A47F28380917002B8BD1 /* LaunchScreen.storyboard */; };
		8E25A48928380B00002B8BD1 /* Engine1ViewController.swift in Sources */ = {isa = PBXBuildFile; fileRef = 8E25A48828380B00002B8BD1 /* Engine1ViewController.swift */; };
		8E25A48B283814D6002B8BD1 /* Engine2ViewController.swift in Sources */ = {isa = PBXBuildFile; fileRef = 8E25A48A283814D6002B8BD1 /* Engine2ViewController.swift */; };
		DA26507AF1685D344734ECA6 /* Pods_ios_native_flutter_engine.framework in Frameworks */ = {isa = PBXBuildFile; fileRef = F72D7BC63421875576253D63 /* Pods_ios_native_flutter_engine.framework */; };
/* End PBXBuildFile section */

/* Begin PBXFileReference section */
		8E25A47128380916002B8BD1 /* ios_native_flutter_engine.app */ = {isa = PBXFileReference; explicitFileType = wrapper.application; includeInIndex = 0; path = ios_native_flutter_engine.app; sourceTree = BUILT_PRODUCTS_DIR; };
		8E25A47428380916002B8BD1 /* AppDelegate.swift */ = {isa = PBXFileReference; lastKnownFileType = sourcecode.swift; path = AppDelegate.swift; sourceTree = "<group>"; };
		8E25A47628380916002B8BD1 /* SceneDelegate.swift */ = {isa = PBXFileReference; lastKnownFileType = sourcecode.swift; path = SceneDelegate.swift; sourceTree = "<group>"; };
		8E25A47828380916002B8BD1 /* ViewController.swift */ = {isa = PBXFileReference; lastKnownFileType = sourcecode.swift; path = ViewController.swift; sourceTree = "<group>"; };
		8E25A47B28380916002B8BD1 /* Base */ = {isa = PBXFileReference; lastKnownFileType = file.storyboard; name = Base; path = Base.lproj/Main.storyboard; sourceTree = "<group>"; };
		8E25A47D28380917002B8BD1 /* Assets.xcassets */ = {isa = PBXFileReference; lastKnownFileType = folder.assetcatalog; path = Assets.xcassets; sourceTree = "<group>"; };
		8E25A48028380917002B8BD1 /* Base */ = {isa = PBXFileReference; lastKnownFileType = file.storyboard; name = Base; path = Base.lproj/LaunchScreen.storyboard; sourceTree = "<group>"; };
		8E25A48228380917002B8BD1 /* Info.plist */ = {isa = PBXFileReference; lastKnownFileType = text.plist.xml; path = Info.plist; sourceTree = "<group>"; };
		8E25A48828380B00002B8BD1 /* Engine1ViewController.swift */ = {isa = PBXFileReference; lastKnownFileType = sourcecode.swift; path = Engine1ViewController.swift; sourceTree = "<group>"; };
		8E25A48A283814D6002B8BD1 /* Engine2ViewController.swift */ = {isa = PBXFileReference; lastKnownFileType = sourcecode.swift; path = Engine2ViewController.swift; sourceTree = "<group>"; };
		ED43721155D7632F40D3C196 /* Pods-ios_native_flutter_engine.debug.xcconfig */ = {isa = PBXFileReference; includeInIndex = 1; lastKnownFileType = text.xcconfig; name = "Pods-ios_native_flutter_engine.debug.xcconfig"; path = "Target Support Files/Pods-ios_native_flutter_engine/Pods-ios_native_flutter_engine.debug.xcconfig"; sourceTree = "<group>"; };
		ED50F9C016CAB5D4B474E731 /* Pods-ios_native_flutter_engine.release.xcconfig */ = {isa = PBXFileReference; includeInIndex = 1; lastKnownFileType = text.xcconfig; name = "Pods-ios_native_flutter_engine.release.xcconfig"; path = "Target Support Files/Pods-ios_native_flutter_engine/Pods-ios_native_flutter_engine.release.xcconfig"; sourceTree = "<group>"; };
		F72D7BC63421875576253D63 /* Pods_ios_native_flutter_engine.framework */ = {isa = PBXFileReference; explicitFileType = wrapper.framework; includeInIndex = 0; path = Pods_ios_native_flutter_engine.framework; sourceTree = BUILT_PRODUCTS_DIR; };
/* End PBXFileReference section */

/* Begin PBXFrameworksBuildPhase section */
		8E25A46E28380916002B8BD1 /* Frameworks */ = {
			isa = PBXFrameworksBuildPhase;
			buildActionMask = 2147483647;
			files = (
				DA26507AF1685D344734ECA6 /* Pods_ios_native_flutter_engine.framework in Frameworks */,
			);
			runOnlyForDeploymentPostprocessing = 0;
		};
/* End PBXFrameworksBuildPhase section */

/* Begin PBXGroup section */
		1A653D1271B18A9B6A4994B8 /* Pods */ = {
			isa = PBXGroup;
			children = (
				ED43721155D7632F40D3C196 /* Pods-ios_native_flutter_engine.debug.xcconfig */,
				ED50F9C016CAB5D4B474E731 /* Pods-ios_native_flutter_engine.release.xcconfig */,
			);
			path = Pods;
			sourceTree = "<group>";
		};
		57984359E2B8E84B1298F627 /* Frameworks */ = {
			isa = PBXGroup;
			children = (
				F72D7BC63421875576253D63 /* Pods_ios_native_flutter_engine.framework */,
			);
			name = Frameworks;
			sourceTree = "<group>";
		};
		8E25A46828380916002B8BD1 = {
			isa = PBXGroup;
			children = (
				8E25A47328380916002B8BD1 /* ios_native_flutter_engine */,
				8E25A47228380916002B8BD1 /* Products */,
				1A653D1271B18A9B6A4994B8 /* Pods */,
				57984359E2B8E84B1298F627 /* Frameworks */,
			);
			sourceTree = "<group>";
		};
		8E25A47228380916002B8BD1 /* Products */ = {
			isa = PBXGroup;
			children = (
				8E25A47128380916002B8BD1 /* ios_native_flutter_engine.app */,
			);
			name = Products;
			sourceTree = "<group>";
		};
		8E25A47328380916002B8BD1 /* ios_native_flutter_engine */ = {
			isa = PBXGroup;
			children = (
				8E25A47428380916002B8BD1 /* AppDelegate.swift */,
				8E25A47628380916002B8BD1 /* SceneDelegate.swift */,
				8E25A47828380916002B8BD1 /* ViewController.swift */,
				8E25A48828380B00002B8BD1 /* Engine1ViewController.swift */,
				8E25A48A283814D6002B8BD1 /* Engine2ViewController.swift */,
				8E25A47A28380916002B8BD1 /* Main.storyboard */,
				8E25A47D28380917002B8BD1 /* Assets.xcassets */,
				8E25A47F28380917002B8BD1 /* LaunchScreen.storyboard */,
				8E25A48228380917002B8BD1 /* Info.plist */,
			);
			path = ios_native_flutter_engine;
			sourceTree = "<group>";
		};
/* End PBXGroup section */

/* Begin PBXNativeTarget section */
		8E25A47028380916002B8BD1 /* ios_native_flutter_engine */ = {
			isa = PBXNativeTarget;
			buildConfigurationList = 8E25A48528380917002B8BD1 /* Build configuration list for PBXNativeTarget "ios_native_flutter_engine" */;
			buildPhases = (
				5B86FF9B9EC6DC652B134246 /* [CP] Check Pods Manifest.lock */,
				DEA3253DAE1C4797F4C0685F /* [CP-User] Run Flutter Build flutter_multiple_engines Script */,
				8E25A46D28380916002B8BD1 /* Sources */,
				8E25A46E28380916002B8BD1 /* Frameworks */,
				8E25A46F28380916002B8BD1 /* Resources */,
				6F7AC5CAD1913F13EB851F22 /* [CP] Embed Pods Frameworks */,
			);
			buildRules = (
			);
			dependencies = (
			);
			name = ios_native_flutter_engine;
			productName = ios_native_flutter_engine;
			productReference = 8E25A47128380916002B8BD1 /* ios_native_flutter_engine.app */;
			productType = "com.apple.product-type.application";
		};
/* End PBXNativeTarget section */

/* Begin PBXProject section */
		8E25A46928380916002B8BD1 /* Project object */ = {
			isa = PBXProject;
			attributes = {
				BuildIndependentTargetsInParallel = 1;
				LastSwiftUpdateCheck = 1340;
				LastUpgradeCheck = 1340;
				TargetAttributes = {
					8E25A47028380916002B8BD1 = {
						CreatedOnToolsVersion = 13.4;
					};
				};
			};
			buildConfigurationList = 8E25A46C28380916002B8BD1 /* Build configuration list for PBXProject "ios_native_flutter_engine" */;
			compatibilityVersion = "Xcode 13.0";
			developmentRegion = en;
			hasScannedForEncodings = 0;
			knownRegions = (
				en,
				Base,
			);
			mainGroup = 8E25A46828380916002B8BD1;
			productRefGroup = 8E25A47228380916002B8BD1 /* Products */;
			projectDirPath = "";
			projectRoot = "";
			targets = (
				8E25A47028380916002B8BD1 /* ios_native_flutter_engine */,
			);
		};
/* End PBXProject section */

/* Begin PBXResourcesBuildPhase section */
		8E25A46F28380916002B8BD1 /* Resources */ = {
			isa = PBXResourcesBuildPhase;
			buildActionMask = 2147483647;
			files = (
				8E25A48128380917002B8BD1 /* LaunchScreen.storyboard in Resources */,
				8E25A47E28380917002B8BD1 /* Assets.xcassets in Resources */,
				8E25A47C28380916002B8BD1 /* Main.storyboard in Resources */,
			);
			runOnlyForDeploymentPostprocessing = 0;
		};
/* End PBXResourcesBuildPhase section */

/* Begin PBXShellScriptBuildPhase section */
		5B86FF9B9EC6DC652B134246 /* [CP] Check Pods Manifest.lock */ = {
			isa = PBXShellScriptBuildPhase;
			buildActionMask = 2147483647;
			files = (
			);
			inputFileListPaths = (
			);
			inputPaths = (
				"${PODS_PODFILE_DIR_PATH}/Podfile.lock",
				"${PODS_ROOT}/Manifest.lock",
			);
			name = "[CP] Check Pods Manifest.lock";
			outputFileListPaths = (
			);
			outputPaths = (
				"$(DERIVED_FILE_DIR)/Pods-ios_native_flutter_engine-checkManifestLockResult.txt",
			);
			runOnlyForDeploymentPostprocessing = 0;
			shellPath = /bin/sh;
			shellScript = "diff \"${PODS_PODFILE_DIR_PATH}/Podfile.lock\" \"${PODS_ROOT}/Manifest.lock\" > /dev/null\nif [ $? != 0 ] ; then\n    # print error to STDERR\n    echo \"error: The sandbox is not in sync with the Podfile.lock. Run 'pod install' or update your CocoaPods installation.\" >&2\n    exit 1\nfi\n# This output is used by Xcode 'outputs' to avoid re-running this script phase.\necho \"SUCCESS\" > \"${SCRIPT_OUTPUT_FILE_0}\"\n";
			showEnvVarsInLog = 0;
		};
		6F7AC5CAD1913F13EB851F22 /* [CP] Embed Pods Frameworks */ = {
			isa = PBXShellScriptBuildPhase;
			buildActionMask = 2147483647;
			files = (
			);
			inputFileListPaths = (
				"${PODS_ROOT}/Target Support Files/Pods-ios_native_flutter_engine/Pods-ios_native_flutter_engine-frameworks-${CONFIGURATION}-input-files.xcfilelist",
			);
			name = "[CP] Embed Pods Frameworks";
			outputFileListPaths = (
				"${PODS_ROOT}/Target Support Files/Pods-ios_native_flutter_engine/Pods-ios_native_flutter_engine-frameworks-${CONFIGURATION}-output-files.xcfilelist",
			);
			runOnlyForDeploymentPostprocessing = 0;
			shellPath = /bin/sh;
			shellScript = "\"${PODS_ROOT}/Target Support Files/Pods-ios_native_flutter_engine/Pods-ios_native_flutter_engine-frameworks.sh\"\n";
			showEnvVarsInLog = 0;
		};
		DEA3253DAE1C4797F4C0685F /* [CP-User] Run Flutter Build flutter_multiple_engines Script */ = {
			isa = PBXShellScriptBuildPhase;
			buildActionMask = 2147483647;
			files = (
			);
			name = "[CP-User] Run Flutter Build flutter_multiple_engines Script";
			runOnlyForDeploymentPostprocessing = 0;
			shellPath = /bin/sh;
			shellScript = "set -e\nset -u\nsource \"${SRCROOT}/../flutter_multiple_engines/.ios/Flutter/flutter_export_environment.sh\"\nexport VERBOSE_SCRIPT_LOGGING=1 && \"$FLUTTER_ROOT\"/packages/flutter_tools/bin/xcode_backend.sh build";
		};
/* End PBXShellScriptBuildPhase section */

/* Begin PBXSourcesBuildPhase section */
		8E25A46D28380916002B8BD1 /* Sources */ = {
			isa = PBXSourcesBuildPhase;
			buildActionMask = 2147483647;
			files = (
				8E25A48928380B00002B8BD1 /* Engine1ViewController.swift in Sources */,
				8E25A48B283814D6002B8BD1 /* Engine2ViewController.swift in Sources */,
				8E25A47928380916002B8BD1 /* ViewController.swift in Sources */,
				8E25A47528380916002B8BD1 /* AppDelegate.swift in Sources */,
				8E25A47728380916002B8BD1 /* SceneDelegate.swift in Sources */,
			);
			runOnlyForDeploymentPostprocessing = 0;
		};
/* End PBXSourcesBuildPhase section */

/* Begin PBXVariantGroup section */
		8E25A47A28380916002B8BD1 /* Main.storyboard */ = {
			isa = PBXVariantGroup;
			children = (
				8E25A47B28380916002B8BD1 /* Base */,
			);
			name = Main.storyboard;
			sourceTree = "<group>";
		};
		8E25A47F28380917002B8BD1 /* LaunchScreen.storyboard */ = {
			isa = PBXVariantGroup;
			children = (
				8E25A48028380917002B8BD1 /* Base */,
			);
			name = LaunchScreen.storyboard;
			sourceTree = "<group>";
		};
/* End PBXVariantGroup section */

/* Begin XCBuildConfiguration section */
		8E25A48328380917002B8BD1 /* Debug */ = {
			isa = XCBuildConfiguration;
			buildSettings = {
				ALWAYS_SEARCH_USER_PATHS = NO;
				CLANG_ANALYZER_NONNULL = YES;
				CLANG_ANALYZER_NUMBER_OBJECT_CONVERSION = YES_AGGRESSIVE;
				CLANG_CXX_LANGUAGE_STANDARD = "gnu++17";
				CLANG_ENABLE_MODULES = YES;
				CLANG_ENABLE_OBJC_ARC = YES;
				CLANG_ENABLE_OBJC_WEAK = YES;
				CLANG_WARN_BLOCK_CAPTURE_AUTORELEASING = YES;
				CLANG_WARN_BOOL_CONVERSION = YES;
				CLANG_WARN_COMMA = YES;
				CLANG_WARN_CONSTANT_CONVERSION = YES;
				CLANG_WARN_DEPRECATED_OBJC_IMPLEMENTATIONS = YES;
				CLANG_WARN_DIRECT_OBJC_ISA_USAGE = YES_ERROR;
				CLANG_WARN_DOCUMENTATION_COMMENTS = YES;
				CLANG_WARN_EMPTY_BODY = YES;
				CLANG_WARN_ENUM_CONVERSION = YES;
				CLANG_WARN_INFINITE_RECURSION = YES;
				CLANG_WARN_INT_CONVERSION = YES;
				CLANG_WARN_NON_LITERAL_NULL_CONVERSION = YES;
				CLANG_WARN_OBJC_IMPLICIT_RETAIN_SELF = YES;
				CLANG_WARN_OBJC_LITERAL_CONVERSION = YES;
				CLANG_WARN_OBJC_ROOT_CLASS = YES_ERROR;
				CLANG_WARN_QUOTED_INCLUDE_IN_FRAMEWORK_HEADER = YES;
				CLANG_WARN_RANGE_LOOP_ANALYSIS = YES;
				CLANG_WARN_STRICT_PROTOTYPES = YES;
				CLANG_WARN_SUSPICIOUS_MOVE = YES;
				CLANG_WARN_UNGUARDED_AVAILABILITY = YES_AGGRESSIVE;
				CLANG_WARN_UNREACHABLE_CODE = YES;
				CLANG_WARN__DUPLICATE_METHOD_MATCH = YES;
				COPY_PHASE_STRIP = NO;
				DEBUG_INFORMATION_FORMAT = dwarf;
				ENABLE_STRICT_OBJC_MSGSEND = YES;
				ENABLE_TESTABILITY = YES;
				GCC_C_LANGUAGE_STANDARD = gnu11;
				GCC_DYNAMIC_NO_PIC = NO;
				GCC_NO_COMMON_BLOCKS = YES;
				GCC_OPTIMIZATION_LEVEL = 0;
				GCC_PREPROCESSOR_DEFINITIONS = (
					"DEBUG=1",
					"$(inherited)",
				);
				GCC_WARN_64_TO_32_BIT_CONVERSION = YES;
				GCC_WARN_ABOUT_RETURN_TYPE = YES_ERROR;
				GCC_WARN_UNDECLARED_SELECTOR = YES;
				GCC_WARN_UNINITIALIZED_AUTOS = YES_AGGRESSIVE;
				GCC_WARN_UNUSED_FUNCTION = YES;
				GCC_WARN_UNUSED_VARIABLE = YES;
				IPHONEOS_DEPLOYMENT_TARGET = 15.5;
				MTL_ENABLE_DEBUG_INFO = INCLUDE_SOURCE;
				MTL_FAST_MATH = YES;
				ONLY_ACTIVE_ARCH = YES;
				SDKROOT = iphoneos;
				SWIFT_ACTIVE_COMPILATION_CONDITIONS = DEBUG;
				SWIFT_OPTIMIZATION_LEVEL = "-Onone";
			};
			name = Debug;
		};
		8E25A48428380917002B8BD1 /* Release */ = {
			isa = XCBuildConfiguration;
			buildSettings = {
				ALWAYS_SEARCH_USER_PATHS = NO;
				CLANG_ANALYZER_NONNULL = YES;
				CLANG_ANALYZER_NUMBER_OBJECT_CONVERSION = YES_AGGRESSIVE;
				CLANG_CXX_LANGUAGE_STANDARD = "gnu++17";
				CLANG_ENABLE_MODULES = YES;
				CLANG_ENABLE_OBJC_ARC = YES;
				CLANG_ENABLE_OBJC_WEAK = YES;
				CLANG_WARN_BLOCK_CAPTURE_AUTORELEASING = YES;
				CLANG_WARN_BOOL_CONVERSION = YES;
				CLANG_WARN_COMMA = YES;
				CLANG_WARN_CONSTANT_CONVERSION = YES;
				CLANG_WARN_DEPRECATED_OBJC_IMPLEMENTATIONS = YES;
				CLANG_WARN_DIRECT_OBJC_ISA_USAGE = YES_ERROR;
				CLANG_WARN_DOCUMENTATION_COMMENTS = YES;
				CLANG_WARN_EMPTY_BODY = YES;
				CLANG_WARN_ENUM_CONVERSION = YES;
				CLANG_WARN_INFINITE_RECURSION = YES;
				CLANG_WARN_INT_CONVERSION = YES;
				CLANG_WARN_NON_LITERAL_NULL_CONVERSION = YES;
				CLANG_WARN_OBJC_IMPLICIT_RETAIN_SELF = YES;
				CLANG_WARN_OBJC_LITERAL_CONVERSION = YES;
				CLANG_WARN_OBJC_ROOT_CLASS = YES_ERROR;
				CLANG_WARN_QUOTED_INCLUDE_IN_FRAMEWORK_HEADER = YES;
				CLANG_WARN_RANGE_LOOP_ANALYSIS = YES;
				CLANG_WARN_STRICT_PROTOTYPES = YES;
				CLANG_WARN_SUSPICIOUS_MOVE = YES;
				CLANG_WARN_UNGUARDED_AVAILABILITY = YES_AGGRESSIVE;
				CLANG_WARN_UNREACHABLE_CODE = YES;
				CLANG_WARN__DUPLICATE_METHOD_MATCH = YES;
				COPY_PHASE_STRIP = NO;
				DEBUG_INFORMATION_FORMAT = "dwarf-with-dsym";
				ENABLE_NS_ASSERTIONS = NO;
				ENABLE_STRICT_OBJC_MSGSEND = YES;
				GCC_C_LANGUAGE_STANDARD = gnu11;
				GCC_NO_COMMON_BLOCKS = YES;
				GCC_WARN_64_TO_32_BIT_CONVERSION = YES;
				GCC_WARN_ABOUT_RETURN_TYPE = YES_ERROR;
				GCC_WARN_UNDECLARED_SELECTOR = YES;
				GCC_WARN_UNINITIALIZED_AUTOS = YES_AGGRESSIVE;
				GCC_WARN_UNUSED_FUNCTION = YES;
				GCC_WARN_UNUSED_VARIABLE = YES;
				IPHONEOS_DEPLOYMENT_TARGET = 15.5;
				MTL_ENABLE_DEBUG_INFO = NO;
				MTL_FAST_MATH = YES;
				SDKROOT = iphoneos;
				SWIFT_COMPILATION_MODE = wholemodule;
				SWIFT_OPTIMIZATION_LEVEL = "-O";
				VALIDATE_PRODUCT = YES;
			};
			name = Release;
		};
		8E25A48628380917002B8BD1 /* Debug */ = {
			isa = XCBuildConfiguration;
			baseConfigurationReference = ED43721155D7632F40D3C196 /* Pods-ios_native_flutter_engine.debug.xcconfig */;
			buildSettings = {
				ASSETCATALOG_COMPILER_APPICON_NAME = AppIcon;
				ASSETCATALOG_COMPILER_GLOBAL_ACCENT_COLOR_NAME = AccentColor;
				CODE_SIGN_STYLE = Automatic;
				CURRENT_PROJECT_VERSION = 1;
				GENERATE_INFOPLIST_FILE = YES;
				INFOPLIST_FILE = ios_native_flutter_engine/Info.plist;
				INFOPLIST_KEY_UIApplicationSupportsIndirectInputEvents = YES;
				INFOPLIST_KEY_UILaunchStoryboardName = LaunchScreen;
				INFOPLIST_KEY_UIMainStoryboardFile = Main;
				INFOPLIST_KEY_UISupportedInterfaceOrientations_iPad = "UIInterfaceOrientationPortrait UIInterfaceOrientationPortraitUpsideDown UIInterfaceOrientationLandscapeLeft UIInterfaceOrientationLandscapeRight";
				INFOPLIST_KEY_UISupportedInterfaceOrientations_iPhone = "UIInterfaceOrientationPortrait UIInterfaceOrientationLandscapeLeft UIInterfaceOrientationLandscapeRight";
				LD_RUNPATH_SEARCH_PATHS = (
					"$(inherited)",
					"@executable_path/Frameworks",
				);
				MARKETING_VERSION = 1.0;
				PRODUCT_BUNDLE_IDENTIFIER = "training.ios-native-flutter-engine";
				PRODUCT_NAME = "$(TARGET_NAME)";
				SWIFT_EMIT_LOC_STRINGS = YES;
				SWIFT_VERSION = 5.0;
				TARGETED_DEVICE_FAMILY = "1,2";
			};
			name = Debug;
		};
		8E25A48728380917002B8BD1 /* Release */ = {
			isa = XCBuildConfiguration;
			baseConfigurationReference = ED50F9C016CAB5D4B474E731 /* Pods-ios_native_flutter_engine.release.xcconfig */;
			buildSettings = {
				ASSETCATALOG_COMPILER_APPICON_NAME = AppIcon;
				ASSETCATALOG_COMPILER_GLOBAL_ACCENT_COLOR_NAME = AccentColor;
				CODE_SIGN_STYLE = Automatic;
				CURRENT_PROJECT_VERSION = 1;
				GENERATE_INFOPLIST_FILE = YES;
				INFOPLIST_FILE = ios_native_flutter_engine/Info.plist;
				INFOPLIST_KEY_UIApplicationSupportsIndirectInputEvents = YES;
				INFOPLIST_KEY_UILaunchStoryboardName = LaunchScreen;
				INFOPLIST_KEY_UIMainStoryboardFile = Main;
				INFOPLIST_KEY_UISupportedInterfaceOrientations_iPad = "UIInterfaceOrientationPortrait UIInterfaceOrientationPortraitUpsideDown UIInterfaceOrientationLandscapeLeft UIInterfaceOrientationLandscapeRight";
				INFOPLIST_KEY_UISupportedInterfaceOrientations_iPhone = "UIInterfaceOrientationPortrait UIInterfaceOrientationLandscapeLeft UIInterfaceOrientationLandscapeRight";
				LD_RUNPATH_SEARCH_PATHS = (
					"$(inherited)",
					"@executable_path/Frameworks",
				);
				MARKETING_VERSION = 1.0;
				PRODUCT_BUNDLE_IDENTIFIER = "training.ios-native-flutter-engine";
				PRODUCT_NAME = "$(TARGET_NAME)";
				SWIFT_EMIT_LOC_STRINGS = YES;
				SWIFT_VERSION = 5.0;
				TARGETED_DEVICE_FAMILY = "1,2";
			};
			name = Release;
		};
/* End XCBuildConfiguration section */

/* Begin XCConfigurationList section */
		8E25A46C28380916002B8BD1 /* Build configuration list for PBXProject "ios_native_flutter_engine" */ = {
			isa = XCConfigurationList;
			buildConfigurations = (
				8E25A48328380917002B8BD1 /* Debug */,
				8E25A48428380917002B8BD1 /* Release */,
			);
			defaultConfigurationIsVisible = 0;
			defaultConfigurationName = Release;
		};
		8E25A48528380917002B8BD1 /* Build configuration list for PBXNativeTarget "ios_native_flutter_engine" */ = {
			isa = XCConfigurationList;
			buildConfigurations = (
				8E25A48628380917002B8BD1 /* Debug */,
				8E25A48728380917002B8BD1 /* Release */,
			);
			defaultConfigurationIsVisible = 0;
			defaultConfigurationName = Release;
		};
/* End XCConfigurationList section */
	};
	rootObject = 8E25A46928380916002B8BD1 /* Project object */;
}
