// !$*UTF8*$!
{
	archiveVersion = 1;
	classes = {
	};
	objectVersion = 55;
	objects = {

/* Begin PBXBuildFile section */
		8E8FDDEB28132CC2007258A9 /* AppDelegate.swift in Sources */ = {isa = PBXBuildFile; fileRef = 8E8FDDEA28132CC2007258A9 /* AppDelegate.swift */; };
		8E8FDDED28132CC2007258A9 /* SceneDelegate.swift in Sources */ = {isa = PBXBuildFile; fileRef = 8E8FDDEC28132CC2007258A9 /* SceneDelegate.swift */; };
		8E8FDDEF28132CC2007258A9 /* ViewController.swift in Sources */ = {isa = PBXBuildFile; fileRef = 8E8FDDEE28132CC2007258A9 /* ViewController.swift */; };
		8E8FDDF228132CC2007258A9 /* Main.storyboard in Resources */ = {isa = PBXBuildFile; fileRef = 8E8FDDF028132CC2007258A9 /* Main.storyboard */; };
		8E8FDDF428132CC3007258A9 /* Assets.xcassets in Resources */ = {isa = PBXBuildFile; fileRef = 8E8FDDF328132CC3007258A9 /* Assets.xcassets */; };
		8E8FDDF728132CC3007258A9 /* LaunchScreen.storyboard in Resources */ = {isa = PBXBuildFile; fileRef = 8E8FDDF528132CC3007258A9 /* LaunchScreen.storyboard */; };
		8EC0C8882853A16900D6F1E4 /* GoogleService-Info.plist in Resources */ = {isa = PBXBuildFile; fileRef = 8EC0C8872853A16900D6F1E4 /* GoogleService-Info.plist */; };
		916F0A8D5703987870591AA3 /* Pods_ios_native_app.framework in Frameworks */ = {isa = PBXBuildFile; fileRef = 79939DB52DBA1A208BCAACDD /* Pods_ios_native_app.framework */; };
/* End PBXBuildFile section */

/* Begin PBXFileReference section */
		17AF5A728A42C83421D5803E /* Pods-ios_native_app.debug.xcconfig */ = {isa = PBXFileReference; includeInIndex = 1; lastKnownFileType = text.xcconfig; name = "Pods-ios_native_app.debug.xcconfig"; path = "Target Support Files/Pods-ios_native_app/Pods-ios_native_app.debug.xcconfig"; sourceTree = "<group>"; };
		36B7F6C3BEC701B26D232219 /* Pods-ios_native_app.release.xcconfig */ = {isa = PBXFileReference; includeInIndex = 1; lastKnownFileType = text.xcconfig; name = "Pods-ios_native_app.release.xcconfig"; path = "Target Support Files/Pods-ios_native_app/Pods-ios_native_app.release.xcconfig"; sourceTree = "<group>"; };
		79939DB52DBA1A208BCAACDD /* Pods_ios_native_app.framework */ = {isa = PBXFileReference; explicitFileType = wrapper.framework; includeInIndex = 0; path = Pods_ios_native_app.framework; sourceTree = BUILT_PRODUCTS_DIR; };
		8E8FDDE728132CC2007258A9 /* ios_native_app.app */ = {isa = PBXFileReference; explicitFileType = wrapper.application; includeInIndex = 0; path = ios_native_app.app; sourceTree = BUILT_PRODUCTS_DIR; };
		8E8FDDEA28132CC2007258A9 /* AppDelegate.swift */ = {isa = PBXFileReference; lastKnownFileType = sourcecode.swift; path = AppDelegate.swift; sourceTree = "<group>"; };
		8E8FDDEC28132CC2007258A9 /* SceneDelegate.swift */ = {isa = PBXFileReference; lastKnownFileType = sourcecode.swift; path = SceneDelegate.swift; sourceTree = "<group>"; };
		8E8FDDEE28132CC2007258A9 /* ViewController.swift */ = {isa = PBXFileReference; lastKnownFileType = sourcecode.swift; path = ViewController.swift; sourceTree = "<group>"; };
		8E8FDDF128132CC2007258A9 /* Base */ = {isa = PBXFileReference; lastKnownFileType = file.storyboard; name = Base; path = Base.lproj/Main.storyboard; sourceTree = "<group>"; };
		8E8FDDF328132CC3007258A9 /* Assets.xcassets */ = {isa = PBXFileReference; lastKnownFileType = folder.assetcatalog; path = Assets.xcassets; sourceTree = "<group>"; };
		8E8FDDF628132CC3007258A9 /* Base */ = {isa = PBXFileReference; lastKnownFileType = file.storyboard; name = Base; path = Base.lproj/LaunchScreen.storyboard; sourceTree = "<group>"; };
		8E8FDDF828132CC3007258A9 /* Info.plist */ = {isa = PBXFileReference; lastKnownFileType = text.plist.xml; path = Info.plist; sourceTree = "<group>"; };
		8EC0C8872853A16900D6F1E4 /* GoogleService-Info.plist */ = {isa = PBXFileReference; fileEncoding = 4; lastKnownFileType = text.plist.xml; path = "GoogleService-Info.plist"; sourceTree = "<group>"; };
/* End PBXFileReference section */

/* Begin PBXFrameworksBuildPhase section */
		8E8FDDE428132CC2007258A9 /* Frameworks */ = {
			isa = PBXFrameworksBuildPhase;
			buildActionMask = 2147483647;
			files = (
				916F0A8D5703987870591AA3 /* Pods_ios_native_app.framework in Frameworks */,
			);
			runOnlyForDeploymentPostprocessing = 0;
		};
/* End PBXFrameworksBuildPhase section */

/* Begin PBXGroup section */
		02CE9EBB92D3A6044875DFCC /* Pods */ = {
			isa = PBXGroup;
			children = (
				17AF5A728A42C83421D5803E /* Pods-ios_native_app.debug.xcconfig */,
				36B7F6C3BEC701B26D232219 /* Pods-ios_native_app.release.xcconfig */,
			);
			path = Pods;
			sourceTree = "<group>";
		};
		83B393BA4F18A55F6235F17A /* Frameworks */ = {
			isa = PBXGroup;
			children = (
				79939DB52DBA1A208BCAACDD /* Pods_ios_native_app.framework */,
			);
			name = Frameworks;
			sourceTree = "<group>";
		};
		8E8FDDDE28132CC2007258A9 = {
			isa = PBXGroup;
			children = (
				8EC0C8872853A16900D6F1E4 /* GoogleService-Info.plist */,
				8E8FDDE928132CC2007258A9 /* ios_native_app */,
				8E8FDDE828132CC2007258A9 /* Products */,
				02CE9EBB92D3A6044875DFCC /* Pods */,
				83B393BA4F18A55F6235F17A /* Frameworks */,
			);
			sourceTree = "<group>";
		};
		8E8FDDE828132CC2007258A9 /* Products */ = {
			isa = PBXGroup;
			children = (
				8E8FDDE728132CC2007258A9 /* ios_native_app.app */,
			);
			name = Products;
			sourceTree = "<group>";
		};
		8E8FDDE928132CC2007258A9 /* ios_native_app */ = {
			isa = PBXGroup;
			children = (
				8E8FDDEA28132CC2007258A9 /* AppDelegate.swift */,
				8E8FDDEC28132CC2007258A9 /* SceneDelegate.swift */,
				8E8FDDEE28132CC2007258A9 /* ViewController.swift */,
				8E8FDDF028132CC2007258A9 /* Main.storyboard */,
				8E8FDDF328132CC3007258A9 /* Assets.xcassets */,
				8E8FDDF528132CC3007258A9 /* LaunchScreen.storyboard */,
				8E8FDDF828132CC3007258A9 /* Info.plist */,
			);
			path = ios_native_app;
			sourceTree = "<group>";
		};
/* End PBXGroup section */

/* Begin PBXNativeTarget section */
		8E8FDDE628132CC2007258A9 /* ios_native_app */ = {
			isa = PBXNativeTarget;
			buildConfigurationList = 8E8FDDFB28132CC3007258A9 /* Build configuration list for PBXNativeTarget "ios_native_app" */;
			buildPhases = (
				4DEBEB4CEBC4F2F8EA8CA86A /* [CP] Check Pods Manifest.lock */,
				5B931F1488B436215DFD3EE9 /* [CP-User] Run Flutter Build flutter_module Script */,
				8E8FDDE328132CC2007258A9 /* Sources */,
				8E8FDDE428132CC2007258A9 /* Frameworks */,
				8E8FDDE528132CC2007258A9 /* Resources */,
				E9F08578789F0C9F96D93DB6 /* [CP] Embed Pods Frameworks */,
			);
			buildRules = (
			);
			dependencies = (
			);
			name = ios_native_app;
			productName = ios_native_app;
			productReference = 8E8FDDE728132CC2007258A9 /* ios_native_app.app */;
			productType = "com.apple.product-type.application";
		};
/* End PBXNativeTarget section */

/* Begin PBXProject section */
		8E8FDDDF28132CC2007258A9 /* Project object */ = {
			isa = PBXProject;
			attributes = {
				BuildIndependentTargetsInParallel = 1;
				LastSwiftUpdateCheck = 1330;
				LastUpgradeCheck = 1330;
				TargetAttributes = {
					8E8FDDE628132CC2007258A9 = {
						CreatedOnToolsVersion = 13.3.1;
					};
				};
			};
			buildConfigurationList = 8E8FDDE228132CC2007258A9 /* Build configuration list for PBXProject "ios_native_app" */;
			compatibilityVersion = "Xcode 13.0";
			developmentRegion = en;
			hasScannedForEncodings = 0;
			knownRegions = (
				en,
				Base,
			);
			mainGroup = 8E8FDDDE28132CC2007258A9;
			productRefGroup = 8E8FDDE828132CC2007258A9 /* Products */;
			projectDirPath = "";
			projectRoot = "";
			targets = (
				8E8FDDE628132CC2007258A9 /* ios_native_app */,
			);
		};
/* End PBXProject section */

/* Begin PBXResourcesBuildPhase section */
		8E8FDDE528132CC2007258A9 /* Resources */ = {
			isa = PBXResourcesBuildPhase;
			buildActionMask = 2147483647;
			files = (
				8E8FDDF728132CC3007258A9 /* LaunchScreen.storyboard in Resources */,
				8EC0C8882853A16900D6F1E4 /* GoogleService-Info.plist in Resources */,
				8E8FDDF428132CC3007258A9 /* Assets.xcassets in Resources */,
				8E8FDDF228132CC2007258A9 /* Main.storyboard in Resources */,
			);
			runOnlyForDeploymentPostprocessing = 0;
		};
/* End PBXResourcesBuildPhase section */

/* Begin PBXShellScriptBuildPhase section */
		4DEBEB4CEBC4F2F8EA8CA86A /* [CP] Check Pods Manifest.lock */ = {
			isa = PBXShellScriptBuildPhase;
			buildActionMask = 2147483647;
			files = (
			);
			inputFileListPaths = (
			);
			inputPaths = (
				"${PODS_PODFILE_DIR_PATH}/Podfile.lock",
				"${PODS_ROOT}/Manifest.lock",
			);
			name = "[CP] Check Pods Manifest.lock";
			outputFileListPaths = (
			);
			outputPaths = (
				"$(DERIVED_FILE_DIR)/Pods-ios_native_app-checkManifestLockResult.txt",
			);
			runOnlyForDeploymentPostprocessing = 0;
			shellPath = /bin/sh;
			shellScript = "diff \"${PODS_PODFILE_DIR_PATH}/Podfile.lock\" \"${PODS_ROOT}/Manifest.lock\" > /dev/null\nif [ $? != 0 ] ; then\n    # print error to STDERR\n    echo \"error: The sandbox is not in sync with the Podfile.lock. Run 'pod install' or update your CocoaPods installation.\" >&2\n    exit 1\nfi\n# This output is used by Xcode 'outputs' to avoid re-running this script phase.\necho \"SUCCESS\" > \"${SCRIPT_OUTPUT_FILE_0}\"\n";
			showEnvVarsInLog = 0;
		};
		5B931F1488B436215DFD3EE9 /* [CP-User] Run Flutter Build flutter_module Script */ = {
			isa = PBXShellScriptBuildPhase;
			buildActionMask = 2147483647;
			files = (
			);
			name = "[CP-User] Run Flutter Build flutter_module Script";
			runOnlyForDeploymentPostprocessing = 0;
			shellPath = /bin/sh;
			shellScript = "set -e\nset -u\nsource \"${SRCROOT}/../flutter_module/.ios/Flutter/flutter_export_environment.sh\"\nexport VERBOSE_SCRIPT_LOGGING=1 && \"$FLUTTER_ROOT\"/packages/flutter_tools/bin/xcode_backend.sh build";
		};
		E9F08578789F0C9F96D93DB6 /* [CP] Embed Pods Frameworks */ = {
			isa = PBXShellScriptBuildPhase;
			buildActionMask = 2147483647;
			files = (
			);
			inputFileListPaths = (
				"${PODS_ROOT}/Target Support Files/Pods-ios_native_app/Pods-ios_native_app-frameworks-${CONFIGURATION}-input-files.xcfilelist",
			);
			name = "[CP] Embed Pods Frameworks";
			outputFileListPaths = (
				"${PODS_ROOT}/Target Support Files/Pods-ios_native_app/Pods-ios_native_app-frameworks-${CONFIGURATION}-output-files.xcfilelist",
			);
			runOnlyForDeploymentPostprocessing = 0;
			shellPath = /bin/sh;
			shellScript = "\"${PODS_ROOT}/Target Support Files/Pods-ios_native_app/Pods-ios_native_app-frameworks.sh\"\n";
			showEnvVarsInLog = 0;
		};
/* End PBXShellScriptBuildPhase section */

/* Begin PBXSourcesBuildPhase section */
		8E8FDDE328132CC2007258A9 /* Sources */ = {
			isa = PBXSourcesBuildPhase;
			buildActionMask = 2147483647;
			files = (
				8E8FDDEF28132CC2007258A9 /* ViewController.swift in Sources */,
				8E8FDDEB28132CC2007258A9 /* AppDelegate.swift in Sources */,
				8E8FDDED28132CC2007258A9 /* SceneDelegate.swift in Sources */,
			);
			runOnlyForDeploymentPostprocessing = 0;
		};
/* End PBXSourcesBuildPhase section */

/* Begin PBXVariantGroup section */
		8E8FDDF028132CC2007258A9 /* Main.storyboard */ = {
			isa = PBXVariantGroup;
			children = (
				8E8FDDF128132CC2007258A9 /* Base */,
			);
			name = Main.storyboard;
			sourceTree = "<group>";
		};
		8E8FDDF528132CC3007258A9 /* LaunchScreen.storyboard */ = {
			isa = PBXVariantGroup;
			children = (
				8E8FDDF628132CC3007258A9 /* Base */,
			);
			name = LaunchScreen.storyboard;
			sourceTree = "<group>";
		};
/* End PBXVariantGroup section */

/* Begin XCBuildConfiguration section */
		8E8FDDF928132CC3007258A9 /* Debug */ = {
			isa = XCBuildConfiguration;
			buildSettings = {
				ALWAYS_SEARCH_USER_PATHS = NO;
				CLANG_ANALYZER_NONNULL = YES;
				CLANG_ANALYZER_NUMBER_OBJECT_CONVERSION = YES_AGGRESSIVE;
				CLANG_CXX_LANGUAGE_STANDARD = "gnu++17";
				CLANG_ENABLE_MODULES = YES;
				CLANG_ENABLE_OBJC_ARC = YES;
				CLANG_ENABLE_OBJC_WEAK = YES;
				CLANG_WARN_BLOCK_CAPTURE_AUTORELEASING = YES;
				CLANG_WARN_BOOL_CONVERSION = YES;
				CLANG_WARN_COMMA = YES;
				CLANG_WARN_CONSTANT_CONVERSION = YES;
				CLANG_WARN_DEPRECATED_OBJC_IMPLEMENTATIONS = YES;
				CLANG_WARN_DIRECT_OBJC_ISA_USAGE = YES_ERROR;
				CLANG_WARN_DOCUMENTATION_COMMENTS = YES;
				CLANG_WARN_EMPTY_BODY = YES;
				CLANG_WARN_ENUM_CONVERSION = YES;
				CLANG_WARN_INFINITE_RECURSION = YES;
				CLANG_WARN_INT_CONVERSION = YES;
				CLANG_WARN_NON_LITERAL_NULL_CONVERSION = YES;
				CLANG_WARN_OBJC_IMPLICIT_RETAIN_SELF = YES;
				CLANG_WARN_OBJC_LITERAL_CONVERSION = YES;
				CLANG_WARN_OBJC_ROOT_CLASS = YES_ERROR;
				CLANG_WARN_QUOTED_INCLUDE_IN_FRAMEWORK_HEADER = YES;
				CLANG_WARN_RANGE_LOOP_ANALYSIS = YES;
				CLANG_WARN_STRICT_PROTOTYPES = YES;
				CLANG_WARN_SUSPICIOUS_MOVE = YES;
				CLANG_WARN_UNGUARDED_AVAILABILITY = YES_AGGRESSIVE;
				CLANG_WARN_UNREACHABLE_CODE = YES;
				CLANG_WARN__DUPLICATE_METHOD_MATCH = YES;
				COPY_PHASE_STRIP = NO;
				DEBUG_INFORMATION_FORMAT = dwarf;
				ENABLE_STRICT_OBJC_MSGSEND = YES;
				ENABLE_TESTABILITY = YES;
				GCC_C_LANGUAGE_STANDARD = gnu11;
				GCC_DYNAMIC_NO_PIC = NO;
				GCC_NO_COMMON_BLOCKS = YES;
				GCC_OPTIMIZATION_LEVEL = 0;
				GCC_PREPROCESSOR_DEFINITIONS = (
					"DEBUG=1",
					"$(inherited)",
				);
				GCC_WARN_64_TO_32_BIT_CONVERSION = YES;
				GCC_WARN_ABOUT_RETURN_TYPE = YES_ERROR;
				GCC_WARN_UNDECLARED_SELECTOR = YES;
				GCC_WARN_UNINITIALIZED_AUTOS = YES_AGGRESSIVE;
				GCC_WARN_UNUSED_FUNCTION = YES;
				GCC_WARN_UNUSED_VARIABLE = YES;
				IPHONEOS_DEPLOYMENT_TARGET = 15.4;
				MTL_ENABLE_DEBUG_INFO = INCLUDE_SOURCE;
				MTL_FAST_MATH = YES;
				ONLY_ACTIVE_ARCH = YES;
				SDKROOT = iphoneos;
				SWIFT_ACTIVE_COMPILATION_CONDITIONS = DEBUG;
				SWIFT_OPTIMIZATION_LEVEL = "-Onone";
			};
			name = Debug;
		};
		8E8FDDFA28132CC3007258A9 /* Release */ = {
			isa = XCBuildConfiguration;
			buildSettings = {
				ALWAYS_SEARCH_USER_PATHS = NO;
				CLANG_ANALYZER_NONNULL = YES;
				CLANG_ANALYZER_NUMBER_OBJECT_CONVERSION = YES_AGGRESSIVE;
				CLANG_CXX_LANGUAGE_STANDARD = "gnu++17";
				CLANG_ENABLE_MODULES = YES;
				CLANG_ENABLE_OBJC_ARC = YES;
				CLANG_ENABLE_OBJC_WEAK = YES;
				CLANG_WARN_BLOCK_CAPTURE_AUTORELEASING = YES;
				CLANG_WARN_BOOL_CONVERSION = YES;
				CLANG_WARN_COMMA = YES;
				CLANG_WARN_CONSTANT_CONVERSION = YES;
				CLANG_WARN_DEPRECATED_OBJC_IMPLEMENTATIONS = YES;
				CLANG_WARN_DIRECT_OBJC_ISA_USAGE = YES_ERROR;
				CLANG_WARN_DOCUMENTATION_COMMENTS = YES;
				CLANG_WARN_EMPTY_BODY = YES;
				CLANG_WARN_ENUM_CONVERSION = YES;
				CLANG_WARN_INFINITE_RECURSION = YES;
				CLANG_WARN_INT_CONVERSION = YES;
				CLANG_WARN_NON_LITERAL_NULL_CONVERSION = YES;
				CLANG_WARN_OBJC_IMPLICIT_RETAIN_SELF = YES;
				CLANG_WARN_OBJC_LITERAL_CONVERSION = YES;
				CLANG_WARN_OBJC_ROOT_CLASS = YES_ERROR;
				CLANG_WARN_QUOTED_INCLUDE_IN_FRAMEWORK_HEADER = YES;
				CLANG_WARN_RANGE_LOOP_ANALYSIS = YES;
				CLANG_WARN_STRICT_PROTOTYPES = YES;
				CLANG_WARN_SUSPICIOUS_MOVE = YES;
				CLANG_WARN_UNGUARDED_AVAILABILITY = YES_AGGRESSIVE;
				CLANG_WARN_UNREACHABLE_CODE = YES;
				CLANG_WARN__DUPLICATE_METHOD_MATCH = YES;
				COPY_PHASE_STRIP = NO;
				DEBUG_INFORMATION_FORMAT = "dwarf-with-dsym";
				ENABLE_NS_ASSERTIONS = NO;
				ENABLE_STRICT_OBJC_MSGSEND = YES;
				GCC_C_LANGUAGE_STANDARD = gnu11;
				GCC_NO_COMMON_BLOCKS = YES;
				GCC_WARN_64_TO_32_BIT_CONVERSION = YES;
				GCC_WARN_ABOUT_RETURN_TYPE = YES_ERROR;
				GCC_WARN_UNDECLARED_SELECTOR = YES;
				GCC_WARN_UNINITIALIZED_AUTOS = YES_AGGRESSIVE;
				GCC_WARN_UNUSED_FUNCTION = YES;
				GCC_WARN_UNUSED_VARIABLE = YES;
				IPHONEOS_DEPLOYMENT_TARGET = 15.4;
				MTL_ENABLE_DEBUG_INFO = NO;
				MTL_FAST_MATH = YES;
				SDKROOT = iphoneos;
				SWIFT_COMPILATION_MODE = wholemodule;
				SWIFT_OPTIMIZATION_LEVEL = "-O";
				VALIDATE_PRODUCT = YES;
			};
			name = Release;
		};
		8E8FDDFC28132CC3007258A9 /* Debug */ = {
			isa = XCBuildConfiguration;
			baseConfigurationReference = 17AF5A728A42C83421D5803E /* Pods-ios_native_app.debug.xcconfig */;
			buildSettings = {
				ASSETCATALOG_COMPILER_APPICON_NAME = AppIcon;
				ASSETCATALOG_COMPILER_GLOBAL_ACCENT_COLOR_NAME = AccentColor;
				CODE_SIGN_STYLE = Automatic;
				CURRENT_PROJECT_VERSION = 1;
				GENERATE_INFOPLIST_FILE = YES;
				INFOPLIST_FILE = ios_native_app/Info.plist;
				INFOPLIST_KEY_UIApplicationSupportsIndirectInputEvents = YES;
				INFOPLIST_KEY_UILaunchStoryboardName = LaunchScreen;
				INFOPLIST_KEY_UIMainStoryboardFile = Main;
				INFOPLIST_KEY_UISupportedInterfaceOrientations_iPad = "UIInterfaceOrientationPortrait UIInterfaceOrientationPortraitUpsideDown UIInterfaceOrientationLandscapeLeft UIInterfaceOrientationLandscapeRight";
				INFOPLIST_KEY_UISupportedInterfaceOrientations_iPhone = "UIInterfaceOrientationPortrait UIInterfaceOrientationLandscapeLeft UIInterfaceOrientationLandscapeRight";
				LD_RUNPATH_SEARCH_PATHS = (
					"$(inherited)",
					"@executable_path/Frameworks",
				);
				MARKETING_VERSION = 1.0;
				PRODUCT_BUNDLE_IDENTIFIER = "training.ios-native-app";
				PRODUCT_NAME = "$(TARGET_NAME)";
				SWIFT_EMIT_LOC_STRINGS = YES;
				SWIFT_VERSION = 5.0;
				TARGETED_DEVICE_FAMILY = "1,2";
			};
			name = Debug;
		};
		8E8FDDFD28132CC3007258A9 /* Release */ = {
			isa = XCBuildConfiguration;
			baseConfigurationReference = 36B7F6C3BEC701B26D232219 /* Pods-ios_native_app.release.xcconfig */;
			buildSettings = {
				ASSETCATALOG_COMPILER_APPICON_NAME = AppIcon;
				ASSETCATALOG_COMPILER_GLOBAL_ACCENT_COLOR_NAME = AccentColor;
				CODE_SIGN_STYLE = Automatic;
				CURRENT_PROJECT_VERSION = 1;
				GENERATE_INFOPLIST_FILE = YES;
				INFOPLIST_FILE = ios_native_app/Info.plist;
				INFOPLIST_KEY_UIApplicationSupportsIndirectInputEvents = YES;
				INFOPLIST_KEY_UILaunchStoryboardName = LaunchScreen;
				INFOPLIST_KEY_UIMainStoryboardFile = Main;
				INFOPLIST_KEY_UISupportedInterfaceOrientations_iPad = "UIInterfaceOrientationPortrait UIInterfaceOrientationPortraitUpsideDown UIInterfaceOrientationLandscapeLeft UIInterfaceOrientationLandscapeRight";
				INFOPLIST_KEY_UISupportedInterfaceOrientations_iPhone = "UIInterfaceOrientationPortrait UIInterfaceOrientationLandscapeLeft UIInterfaceOrientationLandscapeRight";
				LD_RUNPATH_SEARCH_PATHS = (
					"$(inherited)",
					"@executable_path/Frameworks",
				);
				MARKETING_VERSION = 1.0;
				PRODUCT_BUNDLE_IDENTIFIER = "training.ios-native-app";
				PRODUCT_NAME = "$(TARGET_NAME)";
				SWIFT_EMIT_LOC_STRINGS = YES;
				SWIFT_VERSION = 5.0;
				TARGETED_DEVICE_FAMILY = "1,2";
			};
			name = Release;
		};
/* End XCBuildConfiguration section */

/* Begin XCConfigurationList section */
		8E8FDDE228132CC2007258A9 /* Build configuration list for PBXProject "ios_native_app" */ = {
			isa = XCConfigurationList;
			buildConfigurations = (
				8E8FDDF928132CC3007258A9 /* Debug */,
				8E8FDDFA28132CC3007258A9 /* Release */,
			);
			defaultConfigurationIsVisible = 0;
			defaultConfigurationName = Release;
		};
		8E8FDDFB28132CC3007258A9 /* Build configuration list for PBXNativeTarget "ios_native_app" */ = {
			isa = XCConfigurationList;
			buildConfigurations = (
				8E8FDDFC28132CC3007258A9 /* Debug */,
				8E8FDDFD28132CC3007258A9 /* Release */,
			);
			defaultConfigurationIsVisible = 0;
			defaultConfigurationName = Release;
		};
/* End XCConfigurationList section */
	};
	rootObject = 8E8FDDDF28132CC2007258A9 /* Project object */;
}
